PODS:
  - JGProgressHUD (2.2)
  - Polyline (5.0.2)
  - R.swift (5.0.3):
    - R.swift.Library (~> 5.0.0)
  - R.swift.Library (5.0.1)
  - Realm (10.28.2):
    - Realm/Headers (= 10.28.2)
  - Realm/Headers (10.28.2)
  - RealmSwift (10.28.2):
    - Realm (= 10.28.2)
  - SwiftLint (0.47.1)

DEPENDENCIES:
  - JGProgressHUD
  - Polyline (~> 5.0)
  - R.swift (~> 5.0.3)
  - RealmSwift
  - SwiftLint

SPEC REPOS:
  trunk:
    - JGProgressHUD
    - Polyline
    - R.swift
    - R.swift.Library
    - Realm
    - RealmSwift
    - SwiftLint

SPEC CHECKSUMS:
  JGProgressHUD: d83d7a981b85d11205e19ff8ad5bb9c40571c847
  Polyline: fce41d72e1146c41c6d081f7656827226f643dff
  R.swift: f5a87643b91ea569d23d6afb3eee9c743edde239
  R.swift.Library: cfe85d569d9bae6cb262922db130e7c3a7a5fad1
  Realm: e617c54ad0f566b3d0f6a2abae7010de05f252ac
  RealmSwift: 8a516a8759d80d52ebcec1ff1076f5f5159f98b2
  SwiftLint: f80f1be7fa96d30e0aa68e58d45d4ea1ccaac519

PODFILE CHECKSUM: 0e8ec2dec39fbabea3c907d3d9dcb855a05f857a

COCOAPODS: 1.11.3
