PODS:
  - JGProgressHUD (2.2)
  - R.swift (5.0.3):
    - R.swift.Library (~> 5.0.0)
  - R.swift.Library (5.0.1)

DEPENDENCIES:
  - JGProgressHUD
  - R.swift (~> 5.0.3)

SPEC REPOS:
  trunk:
    - JGProgressHUD
    - R.swift
    - R.swift.Library

SPEC CHECKSUMS:
  JGProgressHUD: d83d7a981b85d11205e19ff8ad5bb9c40571c847
  R.swift: f5a87643b91ea569d23d6afb3eee9c743edde239
  R.swift.Library: cfe85d569d9bae6cb262922db130e7c3a7a5fad1

PODFILE CHECKSUM: 3d00fd35bb628f4406afb15b596851991926f3ee

COCOAPODS: 1.11.3
